
Microsoft Visual Studio Solution File, Format Version 12.00
# Visual Studio 15
VisualStudioVersion = 15.0.26124.0
MinimumVisualStudioVersion = 15.0.26124.0
Project("{FAE04EC0-301F-11D3-BF4B-00C04F79EFBC}") = "API", "API\API.csproj", "{6158E5DF-ED37-4899-A0C6-F070A26AA2AF}"
EndProject
Project("{FAE04EC0-301F-11D3-BF4B-00C04F79EFBC}") = "Application", "Application\Application.csproj", "{661804A8-7611-4736-9572-C8D56CE64021}"
EndProject
Project("{FAE04EC0-301F-11D3-BF4B-00C04F79EFBC}") = "Persistence", "Persistence\Persistence.csproj", "{35BA0B78-8F65-4971-88B0-3B1A21E93F12}"
EndProject
Project("{FAE04EC0-301F-11D3-BF4B-00C04F79EFBC}") = "Domain", "Domain\Domain.csproj", "{F32DF6AB-37FD-4C51-8B70-6C22538AFEAE}"
EndProject
Global
	GlobalSection(SolutionConfigurationPlatforms) = preSolution
		Debug|Any CPU = Debug|Any CPU
		Debug|x64 = Debug|x64
		Debug|x86 = Debug|x86
		Release|Any CPU = Release|Any CPU
		Release|x64 = Release|x64
		Release|x86 = Release|x86
	EndGlobalSection
	GlobalSection(SolutionProperties) = preSolution
		HideSolutionNode = FALSE
	EndGlobalSection
	GlobalSection(ProjectConfigurationPlatforms) = postSolution
		{6158E5DF-ED37-4899-A0C6-F070A26AA2AF}.Debug|Any CPU.ActiveCfg = Debug|Any CPU
		{6158E5DF-ED37-4899-A0C6-F070A26AA2AF}.Debug|Any CPU.Build.0 = Debug|Any CPU
		{6158E5DF-ED37-4899-A0C6-F070A26AA2AF}.Debug|x64.ActiveCfg = Debug|Any CPU
		{6158E5DF-ED37-4899-A0C6-F070A26AA2AF}.Debug|x64.Build.0 = Debug|Any CPU
		{6158E5DF-ED37-4899-A0C6-F070A26AA2AF}.Debug|x86.ActiveCfg = Debug|Any CPU
		{6158E5DF-ED37-4899-A0C6-F070A26AA2AF}.Debug|x86.Build.0 = Debug|Any CPU
		{6158E5DF-ED37-4899-A0C6-F070A26AA2AF}.Release|Any CPU.ActiveCfg = Release|Any CPU
		{6158E5DF-ED37-4899-A0C6-F070A26AA2AF}.Release|Any CPU.Build.0 = Release|Any CPU
		{6158E5DF-ED37-4899-A0C6-F070A26AA2AF}.Release|x64.ActiveCfg = Release|Any CPU
		{6158E5DF-ED37-4899-A0C6-F070A26AA2AF}.Release|x64.Build.0 = Release|Any CPU
		{6158E5DF-ED37-4899-A0C6-F070A26AA2AF}.Release|x86.ActiveCfg = Release|Any CPU
		{6158E5DF-ED37-4899-A0C6-F070A26AA2AF}.Release|x86.Build.0 = Release|Any CPU
		{661804A8-7611-4736-9572-C8D56CE64021}.Debug|Any CPU.ActiveCfg = Debug|Any CPU
		{661804A8-7611-4736-9572-C8D56CE64021}.Debug|Any CPU.Build.0 = Debug|Any CPU
		{661804A8-7611-4736-9572-C8D56CE64021}.Debug|x64.ActiveCfg = Debug|Any CPU
		{661804A8-7611-4736-9572-C8D56CE64021}.Debug|x64.Build.0 = Debug|Any CPU
		{661804A8-7611-4736-9572-C8D56CE64021}.Debug|x86.ActiveCfg = Debug|Any CPU
		{661804A8-7611-4736-9572-C8D56CE64021}.Debug|x86.Build.0 = Debug|Any CPU
		{661804A8-7611-4736-9572-C8D56CE64021}.Release|Any CPU.ActiveCfg = Release|Any CPU
		{661804A8-7611-4736-9572-C8D56CE64021}.Release|Any CPU.Build.0 = Release|Any CPU
		{661804A8-7611-4736-9572-C8D56CE64021}.Release|x64.ActiveCfg = Release|Any CPU
		{661804A8-7611-4736-9572-C8D56CE64021}.Release|x64.Build.0 = Release|Any CPU
		{661804A8-7611-4736-9572-C8D56CE64021}.Release|x86.ActiveCfg = Release|Any CPU
		{661804A8-7611-4736-9572-C8D56CE64021}.Release|x86.Build.0 = Release|Any CPU
		{35BA0B78-8F65-4971-88B0-3B1A21E93F12}.Debug|Any CPU.ActiveCfg = Debug|Any CPU
		{35BA0B78-8F65-4971-88B0-3B1A21E93F12}.Debug|Any CPU.Build.0 = Debug|Any CPU
		{35BA0B78-8F65-4971-88B0-3B1A21E93F12}.Debug|x64.ActiveCfg = Debug|Any CPU
		{35BA0B78-8F65-4971-88B0-3B1A21E93F12}.Debug|x64.Build.0 = Debug|Any CPU
		{35BA0B78-8F65-4971-88B0-3B1A21E93F12}.Debug|x86.ActiveCfg = Debug|Any CPU
		{35BA0B78-8F65-4971-88B0-3B1A21E93F12}.Debug|x86.Build.0 = Debug|Any CPU
		{35BA0B78-8F65-4971-88B0-3B1A21E93F12}.Release|Any CPU.ActiveCfg = Release|Any CPU
		{35BA0B78-8F65-4971-88B0-3B1A21E93F12}.Release|Any CPU.Build.0 = Release|Any CPU
		{35BA0B78-8F65-4971-88B0-3B1A21E93F12}.Release|x64.ActiveCfg = Release|Any CPU
		{35BA0B78-8F65-4971-88B0-3B1A21E93F12}.Release|x64.Build.0 = Release|Any CPU
		{35BA0B78-8F65-4971-88B0-3B1A21E93F12}.Release|x86.ActiveCfg = Release|Any CPU
		{35BA0B78-8F65-4971-88B0-3B1A21E93F12}.Release|x86.Build.0 = Release|Any CPU
		{F32DF6AB-37FD-4C51-8B70-6C22538AFEAE}.Debug|Any CPU.ActiveCfg = Debug|Any CPU
		{F32DF6AB-37FD-4C51-8B70-6C22538AFEAE}.Debug|Any CPU.Build.0 = Debug|Any CPU
		{F32DF6AB-37FD-4C51-8B70-6C22538AFEAE}.Debug|x64.ActiveCfg = Debug|Any CPU
		{F32DF6AB-37FD-4C51-8B70-6C22538AFEAE}.Debug|x64.Build.0 = Debug|Any CPU
		{F32DF6AB-37FD-4C51-8B70-6C22538AFEAE}.Debug|x86.ActiveCfg = Debug|Any CPU
		{F32DF6AB-37FD-4C51-8B70-6C22538AFEAE}.Debug|x86.Build.0 = Debug|Any CPU
		{F32DF6AB-37FD-4C51-8B70-6C22538AFEAE}.Release|Any CPU.ActiveCfg = Release|Any CPU
		{F32DF6AB-37FD-4C51-8B70-6C22538AFEAE}.Release|Any CPU.Build.0 = Release|Any CPU
		{F32DF6AB-37FD-4C51-8B70-6C22538AFEAE}.Release|x64.ActiveCfg = Release|Any CPU
		{F32DF6AB-37FD-4C51-8B70-6C22538AFEAE}.Release|x64.Build.0 = Release|Any CPU
		{F32DF6AB-37FD-4C51-8B70-6C22538AFEAE}.Release|x86.ActiveCfg = Release|Any CPU
		{F32DF6AB-37FD-4C51-8B70-6C22538AFEAE}.Release|x86.Build.0 = Release|Any CPU
	EndGlobalSection
EndGlobal
